
Microsoft Visual Studio Solution File, Format Version 12.00
# Visual Studio Version 16
VisualStudioVersion = 16.0.33927.289
MinimumVisualStudioVersion = 10.0.40219.1
Project("{FAE04EC0-301F-11D3-BF4B-00C04F79EFBC}") = "LAB12, Erwin Navas 1067422", "LAB12, Erwin Navas 1067422.csproj", "{388F4D56-DA76-4330-8167-DB015D4594E6}"
EndProject
Global
	GlobalSection(SolutionConfigurationPlatforms) = preSolution
		Debug|Any CPU = Debug|Any CPU
		Release|Any CPU = Release|Any CPU
	EndGlobalSection
	GlobalSection(ProjectConfigurationPlatforms) = postSolution
		{388F4D56-DA76-4330-8167-DB015D4594E6}.Debug|Any CPU.ActiveCfg = Debug|Any CPU
		{388F4D56-DA76-4330-8167-DB015D4594E6}.Debug|Any CPU.Build.0 = Debug|Any CPU
		{388F4D56-DA76-4330-8167-DB015D4594E6}.Release|Any CPU.ActiveCfg = Release|Any CPU
		{388F4D56-DA76-4330-8167-DB015D4594E6}.Release|Any CPU.Build.0 = Release|Any CPU
	EndGlobalSection
	GlobalSection(SolutionProperties) = preSolution
		HideSolutionNode = FALSE
	EndGlobalSection
	GlobalSection(ExtensibilityGlobals) = postSolution
		SolutionGuid = {E3FBFE86-4F2D-41A3-B53E-B9BA6F7C36C5}
	EndGlobalSection
EndGlobal
